
Microsoft Visual Studio Solution File, Format Version 12.00
# Visual Studio Version 17
VisualStudioVersion = 17.1.32210.238
MinimumVisualStudioVersion = 10.0.40219.1
Project("{FAE04EC0-301F-11D3-BF4B-00C04F79EFBC}") = "Ejercicio_3", "WindowsFormsApp1\Ejercicio_3.csproj", "{610445EC-47F3-4D7F-BEA3-1AC948145270}"
EndProject
Project("{FAE04EC0-301F-11D3-BF4B-00C04F79EFBC}") = "Datos", "Datos\Datos.csproj", "{2982340D-87B2-4E06-AB74-C61CE305551C}"
EndProject
Global
	GlobalSection(SolutionConfigurationPlatforms) = preSolution
		Debug|Any CPU = Debug|Any CPU
		Release|Any CPU = Release|Any CPU
	EndGlobalSection
	GlobalSection(ProjectConfigurationPlatforms) = postSolution
		{610445EC-47F3-4D7F-BEA3-1AC948145270}.Debug|Any CPU.ActiveCfg = Debug|Any CPU
		{610445EC-47F3-4D7F-BEA3-1AC948145270}.Debug|Any CPU.Build.0 = Debug|Any CPU
		{610445EC-47F3-4D7F-BEA3-1AC948145270}.Release|Any CPU.ActiveCfg = Release|Any CPU
		{610445EC-47F3-4D7F-BEA3-1AC948145270}.Release|Any CPU.Build.0 = Release|Any CPU
		{2982340D-87B2-4E06-AB74-C61CE305551C}.Debug|Any CPU.ActiveCfg = Debug|Any CPU
		{2982340D-87B2-4E06-AB74-C61CE305551C}.Debug|Any CPU.Build.0 = Debug|Any CPU
		{2982340D-87B2-4E06-AB74-C61CE305551C}.Release|Any CPU.ActiveCfg = Release|Any CPU
		{2982340D-87B2-4E06-AB74-C61CE305551C}.Release|Any CPU.Build.0 = Release|Any CPU
	EndGlobalSection
	GlobalSection(SolutionProperties) = preSolution
		HideSolutionNode = FALSE
	EndGlobalSection
	GlobalSection(ExtensibilityGlobals) = postSolution
		SolutionGuid = {14DF5A22-6457-45A5-94E4-6FC7F9FBF870}
	EndGlobalSection
EndGlobal
